
Microsoft Visual Studio Solution File, Format Version 12.00
# Visual Studio Version 16
VisualStudioVersion = 16.0.31911.196
MinimumVisualStudioVersion = 10.0.40219.1
Project("{FAE04EC0-301F-11D3-BF4B-00C04F79EFBC}") = "DistributeCandies", "LeetCodeSolutions\DistributeCandies.csproj", "{86D780E2-0C57-4E3F-8F82-AF16445B735D}"
EndProject
Project("{2150E333-8FDC-42A3-9474-1A3956D46DE8}") = "KthLargestElement", "KthLargestElement", "{E02D4CF9-A7F1-4A44-950F-40B11E3E6A3B}"
EndProject
Project("{FAE04EC0-301F-11D3-BF4B-00C04F79EFBC}") = "QuickSortSolution", "QuickSortSolution\QuickSortSolution.csproj", "{1DAB3A9A-DF54-4F41-874F-B7206A0FD0B6}"
EndProject
Project("{FAE04EC0-301F-11D3-BF4B-00C04F79EFBC}") = "MinDeletionsUniqueCharFrequency1647", "MinDeletionsUniqueCharFrequency1647\MinDeletionsUniqueCharFrequency1647.csproj", "{00E99C09-ADF1-43EF-B5C4-6CE8266BFCC6}"
EndProject
Project("{FAE04EC0-301F-11D3-BF4B-00C04F79EFBC}") = "MissingNumber", "MissingNumber\MissingNumber.csproj", "{402B8502-5275-42EB-BDFB-8D8C411FAC82}"
EndProject
Project("{FAE04EC0-301F-11D3-BF4B-00C04F79EFBC}") = "PositionsOfLargeGroups830", "PositionsOfLargeGroups830\PositionsOfLargeGroups830.csproj", "{4743BB2B-1074-4336-96E6-11E7B7ABB9AF}"
EndProject
Project("{FAE04EC0-301F-11D3-BF4B-00C04F79EFBC}") = "RemoveLinkedListElements203", "RemoveLinkedListElements203\RemoveLinkedListElements203.csproj", "{0D3ABB51-0856-496F-8180-68703D04B8F4}"
EndProject
Project("{FAE04EC0-301F-11D3-BF4B-00C04F79EFBC}") = "UniqueEmailAddresses929", "UniqueEmailAddresses929\UniqueEmailAddresses929.csproj", "{667037BD-BBE6-46CB-BE9B-F5991A03B1C4}"
EndProject
Project("{FAE04EC0-301F-11D3-BF4B-00C04F79EFBC}") = "ShuffleString1528", "ShuffleString1528\ShuffleString1528.csproj", "{ADC01E0F-6F5B-4176-B919-99E6115C8D44}"
EndProject
Project("{FAE04EC0-301F-11D3-BF4B-00C04F79EFBC}") = "MinMovesEqualArrayElements462", "MinMovesEqualArrayElements462\MinMovesEqualArrayElements462.csproj", "{4A950C90-C808-488D-A537-D7CAB9D920BB}"
EndProject
Project("{FAE04EC0-301F-11D3-BF4B-00C04F79EFBC}") = "FrequencyMostFrequentElement1838", "FrequencyMostFrequentElement1838\FrequencyMostFrequentElement1838.csproj", "{3B3F58EA-49CF-4D61-98A0-2CF3A5EDB072}"
EndProject
Project("{FAE04EC0-301F-11D3-BF4B-00C04F79EFBC}") = "LongestConsecutiveSequence128", "LongestConsecutiveSequence128\LongestConsecutiveSequence128.csproj", "{982849D8-8E17-4D76-A79C-02D054A48804}"
EndProject
Project("{FAE04EC0-301F-11D3-BF4B-00C04F79EFBC}") = "InterleavingString97", "InterleavingString97\InterleavingString97.csproj", "{F7788C9A-65F1-484C-8E29-48EA14712FE9}"
EndProject
Project("{FAE04EC0-301F-11D3-BF4B-00C04F79EFBC}") = "RemoveDuplicatesSortedArray80", "RemoveDuplicatesSortedArray80\RemoveDuplicatesSortedArray80.csproj", "{AC6872FF-5FEC-4BFD-B33A-3BFAB00666E5}"
EndProject
Project("{FAE04EC0-301F-11D3-BF4B-00C04F79EFBC}") = "BinaryTreeRightSide199", "BinaryTreeRightSide199\BinaryTreeRightSide199.csproj", "{F035621F-FA43-4D1E-BD53-AB3A85195D7C}"
EndProject
Project("{FAE04EC0-301F-11D3-BF4B-00C04F79EFBC}") = "MatchSticksToSquare473", "MatchSticksToSquare473\MatchSticksToSquare473.csproj", "{FDBCF36F-86D5-461C-91CD-529562048E58}"
EndProject
Global
	GlobalSection(SolutionConfigurationPlatforms) = preSolution
		Debug|Any CPU = Debug|Any CPU
		Release|Any CPU = Release|Any CPU
	EndGlobalSection
	GlobalSection(ProjectConfigurationPlatforms) = postSolution
		{86D780E2-0C57-4E3F-8F82-AF16445B735D}.Debug|Any CPU.ActiveCfg = Debug|Any CPU
		{86D780E2-0C57-4E3F-8F82-AF16445B735D}.Debug|Any CPU.Build.0 = Debug|Any CPU
		{86D780E2-0C57-4E3F-8F82-AF16445B735D}.Release|Any CPU.ActiveCfg = Release|Any CPU
		{86D780E2-0C57-4E3F-8F82-AF16445B735D}.Release|Any CPU.Build.0 = Release|Any CPU
		{1DAB3A9A-DF54-4F41-874F-B7206A0FD0B6}.Debug|Any CPU.ActiveCfg = Debug|Any CPU
		{1DAB3A9A-DF54-4F41-874F-B7206A0FD0B6}.Debug|Any CPU.Build.0 = Debug|Any CPU
		{1DAB3A9A-DF54-4F41-874F-B7206A0FD0B6}.Release|Any CPU.ActiveCfg = Release|Any CPU
		{1DAB3A9A-DF54-4F41-874F-B7206A0FD0B6}.Release|Any CPU.Build.0 = Release|Any CPU
		{00E99C09-ADF1-43EF-B5C4-6CE8266BFCC6}.Debug|Any CPU.ActiveCfg = Debug|Any CPU
		{00E99C09-ADF1-43EF-B5C4-6CE8266BFCC6}.Debug|Any CPU.Build.0 = Debug|Any CPU
		{00E99C09-ADF1-43EF-B5C4-6CE8266BFCC6}.Release|Any CPU.ActiveCfg = Release|Any CPU
		{00E99C09-ADF1-43EF-B5C4-6CE8266BFCC6}.Release|Any CPU.Build.0 = Release|Any CPU
		{402B8502-5275-42EB-BDFB-8D8C411FAC82}.Debug|Any CPU.ActiveCfg = Debug|Any CPU
		{402B8502-5275-42EB-BDFB-8D8C411FAC82}.Debug|Any CPU.Build.0 = Debug|Any CPU
		{402B8502-5275-42EB-BDFB-8D8C411FAC82}.Release|Any CPU.ActiveCfg = Release|Any CPU
		{402B8502-5275-42EB-BDFB-8D8C411FAC82}.Release|Any CPU.Build.0 = Release|Any CPU
		{4743BB2B-1074-4336-96E6-11E7B7ABB9AF}.Debug|Any CPU.ActiveCfg = Debug|Any CPU
		{4743BB2B-1074-4336-96E6-11E7B7ABB9AF}.Debug|Any CPU.Build.0 = Debug|Any CPU
		{4743BB2B-1074-4336-96E6-11E7B7ABB9AF}.Release|Any CPU.ActiveCfg = Release|Any CPU
		{4743BB2B-1074-4336-96E6-11E7B7ABB9AF}.Release|Any CPU.Build.0 = Release|Any CPU
		{0D3ABB51-0856-496F-8180-68703D04B8F4}.Debug|Any CPU.ActiveCfg = Debug|Any CPU
		{0D3ABB51-0856-496F-8180-68703D04B8F4}.Debug|Any CPU.Build.0 = Debug|Any CPU
		{0D3ABB51-0856-496F-8180-68703D04B8F4}.Release|Any CPU.ActiveCfg = Release|Any CPU
		{0D3ABB51-0856-496F-8180-68703D04B8F4}.Release|Any CPU.Build.0 = Release|Any CPU
		{667037BD-BBE6-46CB-BE9B-F5991A03B1C4}.Debug|Any CPU.ActiveCfg = Debug|Any CPU
		{667037BD-BBE6-46CB-BE9B-F5991A03B1C4}.Debug|Any CPU.Build.0 = Debug|Any CPU
		{667037BD-BBE6-46CB-BE9B-F5991A03B1C4}.Release|Any CPU.ActiveCfg = Release|Any CPU
		{667037BD-BBE6-46CB-BE9B-F5991A03B1C4}.Release|Any CPU.Build.0 = Release|Any CPU
		{ADC01E0F-6F5B-4176-B919-99E6115C8D44}.Debug|Any CPU.ActiveCfg = Debug|Any CPU
		{ADC01E0F-6F5B-4176-B919-99E6115C8D44}.Debug|Any CPU.Build.0 = Debug|Any CPU
		{ADC01E0F-6F5B-4176-B919-99E6115C8D44}.Release|Any CPU.ActiveCfg = Release|Any CPU
		{ADC01E0F-6F5B-4176-B919-99E6115C8D44}.Release|Any CPU.Build.0 = Release|Any CPU
		{4A950C90-C808-488D-A537-D7CAB9D920BB}.Debug|Any CPU.ActiveCfg = Debug|Any CPU
		{4A950C90-C808-488D-A537-D7CAB9D920BB}.Debug|Any CPU.Build.0 = Debug|Any CPU
		{4A950C90-C808-488D-A537-D7CAB9D920BB}.Release|Any CPU.ActiveCfg = Release|Any CPU
		{4A950C90-C808-488D-A537-D7CAB9D920BB}.Release|Any CPU.Build.0 = Release|Any CPU
		{3B3F58EA-49CF-4D61-98A0-2CF3A5EDB072}.Debug|Any CPU.ActiveCfg = Debug|Any CPU
		{3B3F58EA-49CF-4D61-98A0-2CF3A5EDB072}.Debug|Any CPU.Build.0 = Debug|Any CPU
		{3B3F58EA-49CF-4D61-98A0-2CF3A5EDB072}.Release|Any CPU.ActiveCfg = Release|Any CPU
		{3B3F58EA-49CF-4D61-98A0-2CF3A5EDB072}.Release|Any CPU.Build.0 = Release|Any CPU
		{982849D8-8E17-4D76-A79C-02D054A48804}.Debug|Any CPU.ActiveCfg = Debug|Any CPU
		{982849D8-8E17-4D76-A79C-02D054A48804}.Debug|Any CPU.Build.0 = Debug|Any CPU
		{982849D8-8E17-4D76-A79C-02D054A48804}.Release|Any CPU.ActiveCfg = Release|Any CPU
		{982849D8-8E17-4D76-A79C-02D054A48804}.Release|Any CPU.Build.0 = Release|Any CPU
		{F7788C9A-65F1-484C-8E29-48EA14712FE9}.Debug|Any CPU.ActiveCfg = Debug|Any CPU
		{F7788C9A-65F1-484C-8E29-48EA14712FE9}.Debug|Any CPU.Build.0 = Debug|Any CPU
		{F7788C9A-65F1-484C-8E29-48EA14712FE9}.Release|Any CPU.ActiveCfg = Release|Any CPU
		{F7788C9A-65F1-484C-8E29-48EA14712FE9}.Release|Any CPU.Build.0 = Release|Any CPU
		{AC6872FF-5FEC-4BFD-B33A-3BFAB00666E5}.Debug|Any CPU.ActiveCfg = Debug|Any CPU
		{AC6872FF-5FEC-4BFD-B33A-3BFAB00666E5}.Debug|Any CPU.Build.0 = Debug|Any CPU
		{AC6872FF-5FEC-4BFD-B33A-3BFAB00666E5}.Release|Any CPU.ActiveCfg = Release|Any CPU
		{AC6872FF-5FEC-4BFD-B33A-3BFAB00666E5}.Release|Any CPU.Build.0 = Release|Any CPU
		{F035621F-FA43-4D1E-BD53-AB3A85195D7C}.Debug|Any CPU.ActiveCfg = Debug|Any CPU
		{F035621F-FA43-4D1E-BD53-AB3A85195D7C}.Debug|Any CPU.Build.0 = Debug|Any CPU
		{F035621F-FA43-4D1E-BD53-AB3A85195D7C}.Release|Any CPU.ActiveCfg = Release|Any CPU
		{F035621F-FA43-4D1E-BD53-AB3A85195D7C}.Release|Any CPU.Build.0 = Release|Any CPU
		{FDBCF36F-86D5-461C-91CD-529562048E58}.Debug|Any CPU.ActiveCfg = Debug|Any CPU
		{FDBCF36F-86D5-461C-91CD-529562048E58}.Debug|Any CPU.Build.0 = Debug|Any CPU
		{FDBCF36F-86D5-461C-91CD-529562048E58}.Release|Any CPU.ActiveCfg = Release|Any CPU
		{FDBCF36F-86D5-461C-91CD-529562048E58}.Release|Any CPU.Build.0 = Release|Any CPU
	EndGlobalSection
	GlobalSection(SolutionProperties) = preSolution
		HideSolutionNode = FALSE
	EndGlobalSection
	GlobalSection(NestedProjects) = preSolution
		{1DAB3A9A-DF54-4F41-874F-B7206A0FD0B6} = {E02D4CF9-A7F1-4A44-950F-40B11E3E6A3B}
	EndGlobalSection
	GlobalSection(ExtensibilityGlobals) = postSolution
		SolutionGuid = {0C4AC9B7-CD39-4F2A-9FC6-0CF74BF84AEB}
	EndGlobalSection
EndGlobal
